
Microsoft Visual Studio Solution File, Format Version 12.00
# Visual Studio Version 16
VisualStudioVersion = 16.0.29025.244
MinimumVisualStudioVersion = 10.0.40219.1
Project("{2150E333-8FDC-42A3-9474-1A3956D46DE8}") = "Domain", "Domain", "{459B4952-9B7F-4464-8B59-6650D0B2F547}"
EndProject
Project("{2150E333-8FDC-42A3-9474-1A3956D46DE8}") = "Infra.Bus", "Infra.Bus", "{98E17C0D-8B39-41BD-85F1-8BDFE5DDF13F}"
EndProject
Project("{2150E333-8FDC-42A3-9474-1A3956D46DE8}") = "Infra.Ioc", "Infra.Ioc", "{44C69E53-2CC9-4732-BACA-A4350716E836}"
EndProject
Project("{2150E333-8FDC-42A3-9474-1A3956D46DE8}") = "Microservices", "Microservices", "{14E84BD8-AB00-4662-B873-4E9DE5530B94}"
EndProject
Project("{2150E333-8FDC-42A3-9474-1A3956D46DE8}") = "Presentation", "Presentation", "{AE0D66D3-8ABC-4928-A51F-543A930A1ABE}"
EndProject
Project("{9A19103F-16F7-4668-BE54-9A1E7A4F7556}") = "MicroRabbit.Domain.Core", "MicroRabbit.Domain.Core\MicroRabbit.Domain.Core.csproj", "{51641E17-486E-4037-A6DA-773EDF66AF44}"
EndProject
Project("{9A19103F-16F7-4668-BE54-9A1E7A4F7556}") = "MicroRabbit.Infra.Bus", "MicroRabbit.Infra.Bus\MicroRabbit.Infra.Bus.csproj", "{FEC745FB-8588-43FB-9519-E0FD256F7BBE}"
EndProject
Project("{9A19103F-16F7-4668-BE54-9A1E7A4F7556}") = "MicroRabbit.Infra.IoC", "MicroRabbit.Infra.IoC\MicroRabbit.Infra.IoC.csproj", "{365A3C88-77DC-44B5-AF21-9779ACF21182}"
EndProject
Project("{2150E333-8FDC-42A3-9474-1A3956D46DE8}") = "Banking", "Banking", "{AAFC3E01-66A0-491D-8DC2-B4392FEA81BC}"
EndProject
Project("{2150E333-8FDC-42A3-9474-1A3956D46DE8}") = "Api", "Api", "{0740D1AD-B1D5-4E0A-94FC-2D7DA579A60C}"
EndProject
Project("{2150E333-8FDC-42A3-9474-1A3956D46DE8}") = "Application", "Application", "{6724449E-E182-4EA6-8EC3-3AEC21F753ED}"
EndProject
Project("{2150E333-8FDC-42A3-9474-1A3956D46DE8}") = "Domain", "Domain", "{9556A6D4-9E75-494C-A7D9-C7DA397C6B83}"
EndProject
Project("{2150E333-8FDC-42A3-9474-1A3956D46DE8}") = "Data", "Data", "{2202CAEE-0A7C-4995-8D88-D65E7C14F67A}"
EndProject
Project("{FAE04EC0-301F-11D3-BF4B-00C04F79EFBC}") = "MicroRabbit.Banking.Api", "MicroRabbit.Banking.Api\MicroRabbit.Banking.Api.csproj", "{5AA3DB45-AF63-4E69-BBDD-94F3B4C5733C}"
EndProject
Project("{FAE04EC0-301F-11D3-BF4B-00C04F79EFBC}") = "MicroRabbit.Banking.Application", "MicroRabbit.Banking.Application\MicroRabbit.Banking.Application.csproj", "{65D5EE5C-2BAC-4A1A-8679-389653DEABAF}"
EndProject
Project("{FAE04EC0-301F-11D3-BF4B-00C04F79EFBC}") = "MicroRabbit.Banking.Data", "MicroRabbit.Banking.Data\MicroRabbit.Banking.Data.csproj", "{67DE37B8-BDA8-4B92-BD11-B6E841904DBC}"
EndProject
Project("{FAE04EC0-301F-11D3-BF4B-00C04F79EFBC}") = "MicroRabbit.Banking.Domain", "MicroRabbit.Banking.Domain\MicroRabbit.Banking.Domain.csproj", "{B2006FA7-D39F-44F1-816C-C18C91B271BB}"
EndProject
Global
	GlobalSection(SolutionConfigurationPlatforms) = preSolution
		Debug|Any CPU = Debug|Any CPU
		Release|Any CPU = Release|Any CPU
	EndGlobalSection
	GlobalSection(ProjectConfigurationPlatforms) = postSolution
		{51641E17-486E-4037-A6DA-773EDF66AF44}.Debug|Any CPU.ActiveCfg = Debug|Any CPU
		{51641E17-486E-4037-A6DA-773EDF66AF44}.Debug|Any CPU.Build.0 = Debug|Any CPU
		{51641E17-486E-4037-A6DA-773EDF66AF44}.Release|Any CPU.ActiveCfg = Release|Any CPU
		{51641E17-486E-4037-A6DA-773EDF66AF44}.Release|Any CPU.Build.0 = Release|Any CPU
		{FEC745FB-8588-43FB-9519-E0FD256F7BBE}.Debug|Any CPU.ActiveCfg = Debug|Any CPU
		{FEC745FB-8588-43FB-9519-E0FD256F7BBE}.Debug|Any CPU.Build.0 = Debug|Any CPU
		{FEC745FB-8588-43FB-9519-E0FD256F7BBE}.Release|Any CPU.ActiveCfg = Release|Any CPU
		{FEC745FB-8588-43FB-9519-E0FD256F7BBE}.Release|Any CPU.Build.0 = Release|Any CPU
		{365A3C88-77DC-44B5-AF21-9779ACF21182}.Debug|Any CPU.ActiveCfg = Debug|Any CPU
		{365A3C88-77DC-44B5-AF21-9779ACF21182}.Debug|Any CPU.Build.0 = Debug|Any CPU
		{365A3C88-77DC-44B5-AF21-9779ACF21182}.Release|Any CPU.ActiveCfg = Release|Any CPU
		{365A3C88-77DC-44B5-AF21-9779ACF21182}.Release|Any CPU.Build.0 = Release|Any CPU
		{5AA3DB45-AF63-4E69-BBDD-94F3B4C5733C}.Debug|Any CPU.ActiveCfg = Debug|Any CPU
		{5AA3DB45-AF63-4E69-BBDD-94F3B4C5733C}.Debug|Any CPU.Build.0 = Debug|Any CPU
		{5AA3DB45-AF63-4E69-BBDD-94F3B4C5733C}.Release|Any CPU.ActiveCfg = Release|Any CPU
		{5AA3DB45-AF63-4E69-BBDD-94F3B4C5733C}.Release|Any CPU.Build.0 = Release|Any CPU
		{65D5EE5C-2BAC-4A1A-8679-389653DEABAF}.Debug|Any CPU.ActiveCfg = Debug|Any CPU
		{65D5EE5C-2BAC-4A1A-8679-389653DEABAF}.Debug|Any CPU.Build.0 = Debug|Any CPU
		{65D5EE5C-2BAC-4A1A-8679-389653DEABAF}.Release|Any CPU.ActiveCfg = Release|Any CPU
		{65D5EE5C-2BAC-4A1A-8679-389653DEABAF}.Release|Any CPU.Build.0 = Release|Any CPU
		{67DE37B8-BDA8-4B92-BD11-B6E841904DBC}.Debug|Any CPU.ActiveCfg = Debug|Any CPU
		{67DE37B8-BDA8-4B92-BD11-B6E841904DBC}.Debug|Any CPU.Build.0 = Debug|Any CPU
		{67DE37B8-BDA8-4B92-BD11-B6E841904DBC}.Release|Any CPU.ActiveCfg = Release|Any CPU
		{67DE37B8-BDA8-4B92-BD11-B6E841904DBC}.Release|Any CPU.Build.0 = Release|Any CPU
		{B2006FA7-D39F-44F1-816C-C18C91B271BB}.Debug|Any CPU.ActiveCfg = Debug|Any CPU
		{B2006FA7-D39F-44F1-816C-C18C91B271BB}.Debug|Any CPU.Build.0 = Debug|Any CPU
		{B2006FA7-D39F-44F1-816C-C18C91B271BB}.Release|Any CPU.ActiveCfg = Release|Any CPU
		{B2006FA7-D39F-44F1-816C-C18C91B271BB}.Release|Any CPU.Build.0 = Release|Any CPU
	EndGlobalSection
	GlobalSection(SolutionProperties) = preSolution
		HideSolutionNode = FALSE
	EndGlobalSection
	GlobalSection(NestedProjects) = preSolution
		{51641E17-486E-4037-A6DA-773EDF66AF44} = {459B4952-9B7F-4464-8B59-6650D0B2F547}
		{FEC745FB-8588-43FB-9519-E0FD256F7BBE} = {98E17C0D-8B39-41BD-85F1-8BDFE5DDF13F}
		{365A3C88-77DC-44B5-AF21-9779ACF21182} = {44C69E53-2CC9-4732-BACA-A4350716E836}
		{AAFC3E01-66A0-491D-8DC2-B4392FEA81BC} = {14E84BD8-AB00-4662-B873-4E9DE5530B94}
		{0740D1AD-B1D5-4E0A-94FC-2D7DA579A60C} = {AAFC3E01-66A0-491D-8DC2-B4392FEA81BC}
		{6724449E-E182-4EA6-8EC3-3AEC21F753ED} = {AAFC3E01-66A0-491D-8DC2-B4392FEA81BC}
		{9556A6D4-9E75-494C-A7D9-C7DA397C6B83} = {AAFC3E01-66A0-491D-8DC2-B4392FEA81BC}
		{2202CAEE-0A7C-4995-8D88-D65E7C14F67A} = {AAFC3E01-66A0-491D-8DC2-B4392FEA81BC}
		{5AA3DB45-AF63-4E69-BBDD-94F3B4C5733C} = {0740D1AD-B1D5-4E0A-94FC-2D7DA579A60C}
		{65D5EE5C-2BAC-4A1A-8679-389653DEABAF} = {6724449E-E182-4EA6-8EC3-3AEC21F753ED}
		{67DE37B8-BDA8-4B92-BD11-B6E841904DBC} = {2202CAEE-0A7C-4995-8D88-D65E7C14F67A}
		{B2006FA7-D39F-44F1-816C-C18C91B271BB} = {9556A6D4-9E75-494C-A7D9-C7DA397C6B83}
	EndGlobalSection
	GlobalSection(ExtensibilityGlobals) = postSolution
		SolutionGuid = {C6D98AB5-AA7B-4533-B914-F6C27E99AB06}
	EndGlobalSection
EndGlobal
